# This file is automatically @generated by Poetry 1.8.3 and should not be changed by hand.

[[package]]
name = "configobj"
version = "5.0.8"
description = "Config file reading, writing and validation."
optional = false
python-versions = ">=2.7, !=3.0.*, !=3.1.*, !=3.2.*, !=3.3.*, !=3.4.*"
files = [
    {file = "configobj-5.0.8-py2.py3-none-any.whl", hash = "sha256:a7a8c6ab7daade85c3f329931a807c8aee750a2494363934f8ea84d8a54c87ea"},
    {file = "configobj-5.0.8.tar.gz", hash = "sha256:6f704434a07dc4f4dc7c9a745172c1cad449feb548febd9f7fe362629c627a97"},
]

[package.dependencies]
six = "*"

[[package]]
name = "ct3"
version = "3.3.3.post1"
description = "Cheetah is a template engine and code generation tool"
optional = false
python-versions = ">=2.7, !=3.0.*, !=3.1.*, !=3.2.*, !=3.3.*"
files = [
    {file = "CT3-3.3.3.post1-cp27-cp27m-macosx_10_6_x86_64.whl", hash = "sha256:2ac5ced8146fb562056fa41edf45e9ae93686e2fa1c1bd11dfb1f050700a12bd"},
    {file = "CT3-3.3.3.post1-cp27-cp27mu-manylinux_2_17_aarch64.manylinux2014_aarch64.whl", hash = "sha256:10a88e20eedf109899fabd3d811209ef5c129cec6250e150a6fe30dc5d654bcc"},
    {file = "CT3-3.3.3.post1-cp27-cp27mu-manylinux_2_5_x86_64.manylinux1_x86_64.whl", hash = "sha256:0e2e634b78c5d9baef4edd21c6cc1d71142df721e7f7824d036148042ee6309e"},
    {file = "CT3-3.3.3.post1-cp310-cp310-macosx_10_9_x86_64.whl", hash = "sha256:83f204eb0224b4f0f4ce058c24847ff4f45155b0b31333f5ec71e75b4187a8aa"},
    {file = "CT3-3.3.3.post1-cp310-cp310-manylinux_2_17_aarch64.manylinux2014_aarch64.whl", hash = "sha256:6fbb73977f7ba044afc70332188113b8e5ddf41046dacbf4c6bc95eba1bbb434"},
    {file = "CT3-3.3.3.post1-cp310-cp310-manylinux_2_5_x86_64.manylinux1_x86_64.whl", hash = "sha256:ced98f64c5f03921557054a9b226298e310f23d848d587061602f5e3e9d83a65"},
    {file = "CT3-3.3.3.post1-cp310-cp310-win_amd64.whl", hash = "sha256:e6dde3687ac61f7907a1a05ad5a3c35163f6e2d3c00e5a5b23b617347e494b06"},
    {file = "CT3-3.3.3.post1-cp311-cp311-macosx_10_9_x86_64.whl", hash = "sha256:ed5023789994d48852f151221d4de1809cca3dcd7e958a3ab0635b8320cb06fb"},
    {file = "CT3-3.3.3.post1-cp311-cp311-manylinux_2_17_aarch64.manylinux2014_aarch64.whl", hash = "sha256:7c6cf0a203ac4726d4e76dcce9352eecc4e740663de2ce2084b614ade46e44bd"},
    {file = "CT3-3.3.3.post1-cp311-cp311-manylinux_2_5_x86_64.manylinux1_x86_64.whl", hash = "sha256:6ee0620f855fbdbf4f6abf6a0348b7aa1b3cbc2f1ffb03b000081c0caa55a790"},
    {file = "CT3-3.3.3.post1-cp311-cp311-win_amd64.whl", hash = "sha256:87f4060c601d49d99fc34a29995e366c8d7faf4be41ce1cfc543e79b6194ae6d"},
    {file = "CT3-3.3.3.post1-cp312-cp312-macosx_10_9_x86_64.whl", hash = "sha256:ef8b1de439c067a6e10317cc3e07de9508d7df3e9cd995716e8ac8078b8cbb16"},
    {file = "CT3-3.3.3.post1-cp312-cp312-manylinux_2_17_aarch64.manylinux2014_aarch64.whl", hash = "sha256:e1d1a2546a92d28295c16cd0c8b7f06e5ef5f095baf9d5eb9c6737e7c2b18c55"},
    {file = "CT3-3.3.3.post1-cp312-cp312-manylinux_2_5_x86_64.manylinux1_x86_64.whl", hash = "sha256:84d0801a47b367b769fc2898a8518266d91693d522d6ec29a7d5695270ef35be"},
    {file = "CT3-3.3.3.post1-cp312-cp312-win_amd64.whl", hash = "sha256:0fe0143ff383afbb01bfd75df6f37f7992dbf132986064903e0f94a8f63a9755"},
    {file = "CT3-3.3.3.post1-cp35-cp35m-macosx_10_9_x86_64.whl", hash = "sha256:8314403f58e28c7598ce2aa22ef63dad16b0f4f83fb45eb413202e66148877bb"},
    {file = "CT3-3.3.3.post1-cp35-cp35m-manylinux1_x86_64.whl", hash = "sha256:d2d5e530c03e8be0bc6a5c71daa2d4601fc09e717452a56bf41bb83aa7ba5faa"},
    {file = "CT3-3.3.3.post1-cp35-cp35m-win_amd64.whl", hash = "sha256:3302d0dac80bc8937f4e6c85c7054fc4684ca68b43fd799d6a7ab3eea485d706"},
    {file = "CT3-3.3.3.post1-cp36-cp36m-macosx_10_7_x86_64.whl", hash = "sha256:d28fd37acd13984a2f9e551d9bf14b586dc3534597d5b9dc40ab86f35c0cd42e"},
    {file = "CT3-3.3.3.post1-cp36-cp36m-manylinux_2_17_aarch64.manylinux2014_aarch64.whl", hash = "sha256:cc25adc29634b3b7b5258623bbbaa107a51c15d9fef996491fa618a994202fe1"},
    {file = "CT3-3.3.3.post1-cp36-cp36m-manylinux_2_5_x86_64.manylinux1_x86_64.whl", hash = "sha256:5a40cdf0c25aa072b6e4ac18f5180b29e9444f0091fcc210fa532e82e3158060"},
    {file = "CT3-3.3.3.post1-cp36-cp36m-win_amd64.whl", hash = "sha256:b6b6fee0d3c505482b473f89e81ce704ca01f900300f8488c03619d68aba404a"},
    {file = "CT3-3.3.3.post1-cp37-cp37m-macosx_10_9_x86_64.whl", hash = "sha256:4c05510276abcfcf896a44b93f7fa5f23bc6a3a2db79fef22d217a216339bfb0"},
    {file = "CT3-3.3.3.post1-cp37-cp37m-manylinux_2_17_aarch64.manylinux2014_aarch64.whl", hash = "sha256:84fe420bb4b40e338014f8298a21c4319a72fde15f4c032819e835a829f14419"},
    {file = "CT3-3.3.3.post1-cp37-cp37m-manylinux_2_5_x86_64.manylinux1_x86_64.whl", hash = "sha256:0ca300c4235a56468899af741a02a3d6f5c4984f0f51c22a4372bb736579fa85"},
    {file = "CT3-3.3.3.post1-cp37-cp37m-win_amd64.whl", hash = "sha256:3b2b7843715a04d1e11a60164b71047d217b3200f20500cb3918608249bcee13"},
    {file = "CT3-3.3.3.post1-cp38-cp38-macosx_10_9_x86_64.whl", hash = "sha256:02a97eb26e90c749b5b05ba2da6e98273b7d7251d8f57d42930a7667739347d3"},
    {file = "CT3-3.3.3.post1-cp38-cp38-manylinux_2_17_aarch64.manylinux2014_aarch64.whl", hash = "sha256:3ce6666085159f75b43bdf2ef96e765dcebc9c1b15f30665cb728d2473bdc78f"},
    {file = "CT3-3.3.3.post1-cp38-cp38-manylinux_2_5_x86_64.manylinux1_x86_64.whl", hash = "sha256:d8272fcdb36503e90c5a2195e1479c73a7c341fb0994fd0b897e90044db50ba7"},
    {file = "CT3-3.3.3.post1-cp38-cp38-win_amd64.whl", hash = "sha256:b1b5d6341f31024a52269c74de3cef36322635b081008339cbb01d1aee1f6310"},
    {file = "CT3-3.3.3.post1-cp39-cp39-macosx_10_9_x86_64.whl", hash = "sha256:f5502d6f3df3db68dd7b13dc17c3062b2f95e9c33b6c5985a1061df032b7c90e"},
    {file = "CT3-3.3.3.post1-cp39-cp39-manylinux_2_17_aarch64.manylinux2014_aarch64.whl", hash = "sha256:13a7497371dc143504a7e8c75ee81011a3008791429401eab855e786331132c0"},
    {file = "CT3-3.3.3.post1-cp39-cp39-manylinux_2_5_x86_64.manylinux1_x86_64.whl", hash = "sha256:3169e3fb5577f854cc6ccdb8ad616bd91b9cbf64095bdca0f8ddceece6e52206"},
    {file = "CT3-3.3.3.post1-cp39-cp39-win_amd64.whl", hash = "sha256:59e5a6dd5841bf5b15b6eabe1ed652afa6f6b82a9465fec47788ce8c0a571046"},
    {file = "CT3-3.3.3.post1-py2-none-any.whl", hash = "sha256:2f82832e9c0d4c957e6b1f7e3576fa4d314a46fdd8e6274395bedd6d09889846"},
    {file = "CT3-3.3.3.post1.tar.gz", hash = "sha256:a58f0a46272a163d26f910f8fe188b414c185e23b5a7abd53ddb19ace3bd9d14"},
]

[package.extras]
filters = ["markdown"]
markdown = ["markdown"]

[[package]]
name = "ephem"
version = "4.1.6"
description = "Compute positions of the planets and stars"
optional = false
python-versions = "*"
files = [
    {file = "ephem-4.1.6-cp27-cp27m-macosx_10_9_x86_64.whl", hash = "sha256:2dc74f0f38d120b720ce9fe431331620b2cadc42214be6aca08ec030ad19e08d"},
    {file = "ephem-4.1.6-cp27-cp27m-manylinux2010_i686.whl", hash = "sha256:6b700da408c5ae44e948d01357869134cd2215d6b26dfc32bb94dae1c76b7b09"},
    {file = "ephem-4.1.6-cp27-cp27m-manylinux2010_x86_64.whl", hash = "sha256:da69564e29edb4e915858c91aae0e4e494bbd5c610b11a784ee9dfe6643a899d"},
    {file = "ephem-4.1.6-cp27-cp27mu-manylinux2010_i686.whl", hash = "sha256:9cc474fba155ffad36db1fd8ee46756c9ce7a4301ae3b6e212e92c0036ccbaff"},
    {file = "ephem-4.1.6-cp27-cp27mu-manylinux2010_x86_64.whl", hash = "sha256:d76cd4f75731810b6694ee2d9a8150aaf20cc6d695e886475cc857c079c43d24"},
    {file = "ephem-4.1.6-cp310-cp310-macosx_10_9_x86_64.whl", hash = "sha256:682820bf6e5c914c051193f9a3cb35a3f4432e613062d860e9bb43c23adc43f4"},
    {file = "ephem-4.1.6-cp310-cp310-macosx_11_0_arm64.whl", hash = "sha256:2cfff027fdd2311a03a6001c5fead25eb4bfe99af1139a999c2c42ee036bdd19"},
    {file = "ephem-4.1.6-cp310-cp310-manylinux_2_12_i686.manylinux2010_i686.manylinux_2_17_i686.manylinux2014_i686.whl", hash = "sha256:4dbe2740c2d2e1b3a3db69d498681c14fbe2c19690a881209b3b93e489e0df50"},
    {file = "ephem-4.1.6-cp310-cp310-manylinux_2_17_aarch64.manylinux2014_aarch64.whl", hash = "sha256:0ee73ce7d513aece25a0902160dea43ea4af451326d27149a059b00b5ceea3ac"},
    {file = "ephem-4.1.6-cp310-cp310-manylinux_2_17_s390x.manylinux2014_s390x.whl", hash = "sha256:101568d96f77142484227881e20b4ca5d32a92c3edee7a91e529e93bc928addc"},
    {file = "ephem-4.1.6-cp310-cp310-manylinux_2_17_x86_64.manylinux2014_x86_64.whl", hash = "sha256:b7143892cf73871182baac3121fc297680e0fbfd556689d23878c0cbcd7124f5"},
    {file = "ephem-4.1.6-cp310-cp310-musllinux_1_2_aarch64.whl", hash = "sha256:7f3abc0d806244ea96b4bc89ed8bbb655fcc141c48ada4ec1f93091dd2213f44"},
    {file = "ephem-4.1.6-cp310-cp310-musllinux_1_2_i686.whl", hash = "sha256:f4a9a0349acd3e0feaf8fe2e5aab4fcf3a0d0ca1bfa8e7c0e3ae015e25e0cdee"},
    {file = "ephem-4.1.6-cp310-cp310-musllinux_1_2_s390x.whl", hash = "sha256:8a1b4fdc34869fd5b8d212ad69b73ddaa8a4a907bfe43f7c307d9b2e8b4c2b5c"},
    {file = "ephem-4.1.6-cp310-cp310-musllinux_1_2_x86_64.whl", hash = "sha256:fec931d545be646eab0c7d56c1bd3c71fd9b6b2a34d368457ce6c8f58e7eaba0"},
    {file = "ephem-4.1.6-cp310-cp310-win32.whl", hash = "sha256:8d357fde411b121d246b6345d21ccb66104b43a9e9b04aa3ba5712256d0e4221"},
    {file = "ephem-4.1.6-cp310-cp310-win_amd64.whl", hash = "sha256:0fc685c29beec97b800d68171f6bbc6c84f5e0c3d63ec5a68c5d173effe4eca7"},
    {file = "ephem-4.1.6-cp311-cp311-macosx_10_9_x86_64.whl", hash = "sha256:217d510cf95f1b5f70e95ed379ba12b56321689a7a8802b42f2cdb4b90f8e52b"},
    {file = "ephem-4.1.6-cp311-cp311-macosx_11_0_arm64.whl", hash = "sha256:224c67fc5d53a217f7af5b8ded1a91f22d83e4d26f8986553d2cafbe0608e9d8"},
    {file = "ephem-4.1.6-cp311-cp311-manylinux_2_12_i686.manylinux2010_i686.manylinux_2_17_i686.manylinux2014_i686.whl", hash = "sha256:e02af942f9b93f5be1d8943d65e8ded26871e4a294281c54c84f89e04ff77277"},
    {file = "ephem-4.1.6-cp311-cp311-manylinux_2_17_aarch64.manylinux2014_aarch64.whl", hash = "sha256:fb42efcd08c721ecf338b39e6a1ee8734575928bb570e5ad24b5da00b293751a"},
    {file = "ephem-4.1.6-cp311-cp311-manylinux_2_17_s390x.manylinux2014_s390x.whl", hash = "sha256:01f6ae74ce6b4d4abe2c632e6925ccb0a718e8285707f70493d4ac2c14bbb755"},
    {file = "ephem-4.1.6-cp311-cp311-manylinux_2_17_x86_64.manylinux2014_x86_64.whl", hash = "sha256:97be1fbf6161d45f003cfd1260fc8185feedcb6f54fe01abb0ae2b625e4f0d92"},
    {file = "ephem-4.1.6-cp311-cp311-musllinux_1_2_aarch64.whl", hash = "sha256:19f78dba9ef13c6f8973efdf111fea2cfc92ef8af3e56a17be63f9752d2d2480"},
    {file = "ephem-4.1.6-cp311-cp311-musllinux_1_2_i686.whl", hash = "sha256:87ffdb3e4a2aea6c33d60b9d3fa2bdb985494a788fc45eb10fb376cace6f5fa5"},
    {file = "ephem-4.1.6-cp311-cp311-musllinux_1_2_s390x.whl", hash = "sha256:70cc4c09658a97447cdab070144a661c60e98794fef16e0bb9e7c4a072d260c0"},
    {file = "ephem-4.1.6-cp311-cp311-musllinux_1_2_x86_64.whl", hash = "sha256:6ffa438a5fae5cf346aaee46d20e44a442e004952591d06a06a3104504954a7b"},
    {file = "ephem-4.1.6-cp311-cp311-win32.whl", hash = "sha256:84d416962d78f5d0b5f18fc5155bf0d7a012f5e9e47b62469000ab4c062de6ca"},
    {file = "ephem-4.1.6-cp311-cp311-win_amd64.whl", hash = "sha256:1f87cb92288d8ec3e83c1ffae2ca0473a84ab696f5bf518d75622be0394e245d"},
    {file = "ephem-4.1.6-cp312-cp312-macosx_10_13_x86_64.whl", hash = "sha256:320e825021e589b2a53bac03f057d1344814dc9cc5249bfeacfd8fe322f17032"},
    {file = "ephem-4.1.6-cp312-cp312-macosx_11_0_arm64.whl", hash = "sha256:78778ba7ca5a28e3532943eab4584986bc053878e5976e50394e6cb5490e3b3f"},
    {file = "ephem-4.1.6-cp312-cp312-manylinux_2_12_i686.manylinux2010_i686.manylinux_2_17_i686.manylinux2014_i686.whl", hash = "sha256:bb6b45ae88ddb82219bc06a40b4db8584ab78306ebf239918dde1aa4b97f913c"},
    {file = "ephem-4.1.6-cp312-cp312-manylinux_2_17_aarch64.manylinux2014_aarch64.whl", hash = "sha256:179f59cbc37c27b35cbea4833d4993b00080ca10753c5b2dca2e838826f854a2"},
    {file = "ephem-4.1.6-cp312-cp312-manylinux_2_17_s390x.manylinux2014_s390x.whl", hash = "sha256:4c65dcd6b44572e4f20b02055f69a95b6c591c559dc6a70fca5215fd8ab290f1"},
    {file = "ephem-4.1.6-cp312-cp312-manylinux_2_17_x86_64.manylinux2014_x86_64.whl", hash = "sha256:10b9688bf56b65fd416ebd95a90c63c8d2412b64495e75139a85e6c216cc5a90"},
    {file = "ephem-4.1.6-cp312-cp312-musllinux_1_2_aarch64.whl", hash = "sha256:440e45209fb26315fa6d8b179dae1968dd446de4e8a8612ad88111694cd8df1b"},
    {file = "ephem-4.1.6-cp312-cp312-musllinux_1_2_i686.whl", hash = "sha256:126d6c407793830552c7dcf62f6dccc0c3ef701c4505970a8ab01ecfd70b1a1a"},
    {file = "ephem-4.1.6-cp312-cp312-musllinux_1_2_s390x.whl", hash = "sha256:bc137b3e9060a77b03e8a4b5ad3d40406599bdddcd7dfb2cd9325971d38b7864"},
    {file = "ephem-4.1.6-cp312-cp312-musllinux_1_2_x86_64.whl", hash = "sha256:25203e20b773ae804333e347da3c286291c6fc95a723a44c1af149cb64938128"},
    {file = "ephem-4.1.6-cp312-cp312-win32.whl", hash = "sha256:1c845b804ce65f875097a543c2b74f8889e5b5414df01f18ba77c085d524d4c6"},
    {file = "ephem-4.1.6-cp312-cp312-win_amd64.whl", hash = "sha256:0c0675849f2bc9fca88193c58b376180e9fb7b1d8f2bb764231cbf1ecd40b6b3"},
    {file = "ephem-4.1.6-cp313-cp313-macosx_10_13_x86_64.whl", hash = "sha256:6b17cc3a5af526c199b497cc7b9942246591b83da4247d83be6bf0baa90123e5"},
    {file = "ephem-4.1.6-cp313-cp313-macosx_11_0_arm64.whl", hash = "sha256:513c2b2cc04d53563c6c1b0a86ee9f92d2e5e20a0dd72323f3b4183ae4f9d63c"},
    {file = "ephem-4.1.6-cp313-cp313-manylinux_2_12_i686.manylinux2010_i686.manylinux_2_17_i686.manylinux2014_i686.whl", hash = "sha256:1348bfd7703084c75a932c10c66e3194b84cf7f31fe6e2afede1367877b601b7"},
    {file = "ephem-4.1.6-cp313-cp313-manylinux_2_17_aarch64.manylinux2014_aarch64.whl", hash = "sha256:9bf720a1fd563f476525c714ac4091b6788ad415ffb4727b77d1fbb6b28a831e"},
    {file = "ephem-4.1.6-cp313-cp313-manylinux_2_17_s390x.manylinux2014_s390x.whl", hash = "sha256:4456d08414729fa8461c6772f5e9ca9b577df86f47dacdaf5fda4f9eab0efd56"},
    {file = "ephem-4.1.6-cp313-cp313-manylinux_2_17_x86_64.manylinux2014_x86_64.whl", hash = "sha256:f87348581588488461af29fe645d36257cf9235838f5a5211cb668215b95b2db"},
    {file = "ephem-4.1.6-cp313-cp313-musllinux_1_2_aarch64.whl", hash = "sha256:b8c807a54814cd3c8d3e00304afdc99d290f754f53c708a656b92490d870bfd4"},
    {file = "ephem-4.1.6-cp313-cp313-musllinux_1_2_i686.whl", hash = "sha256:abccd1a7a8ccfea94746a150f5b9f4dd50aa9db0a24ae4e875ecee2215001290"},
    {file = "ephem-4.1.6-cp313-cp313-musllinux_1_2_s390x.whl", hash = "sha256:84c86bc1a171ddc9bd886fe3f5030638bffe1c808b89e0c7a6aec9aae335a69e"},
    {file = "ephem-4.1.6-cp313-cp313-musllinux_1_2_x86_64.whl", hash = "sha256:9b5552e33b5f63886c74c2731ab15b5f514db1978d80872d7f3230d1903416f0"},
    {file = "ephem-4.1.6-cp313-cp313-win32.whl", hash = "sha256:636b455486de2262bbd786c53e810db775ab1ebf1ad78f3aae436429a52d1044"},
    {file = "ephem-4.1.6-cp313-cp313-win_amd64.whl", hash = "sha256:2f96d0ae098d300ebbd0cb7c49fc92bc4629c80c08a3fe5c19cb55cafb89eff4"},
    {file = "ephem-4.1.6-cp36-cp36m-macosx_10_9_x86_64.whl", hash = "sha256:2507eee5dce3f8bee4d9818e37d5e8480c5149b9222d333fe1cef6c231b1f892"},
    {file = "ephem-4.1.6-cp36-cp36m-manylinux_2_12_i686.manylinux2010_i686.manylinux_2_17_i686.manylinux2014_i686.whl", hash = "sha256:68afdd7f452d23147b2c2d4faf1898bb1a7c20bb9db3ee87cbed15e5b9e072bd"},
    {file = "ephem-4.1.6-cp36-cp36m-manylinux_2_17_aarch64.manylinux2014_aarch64.whl", hash = "sha256:ae3ba0f6f571895f94833f51071666124ec0fecdb131d70c1a17cac1459063e3"},
    {file = "ephem-4.1.6-cp36-cp36m-manylinux_2_17_s390x.manylinux2014_s390x.whl", hash = "sha256:9417f2e39724ce064d4d9de77ae912e65d5be59302ad9a6c8fafc1afe41c5709"},
    {file = "ephem-4.1.6-cp36-cp36m-manylinux_2_17_x86_64.manylinux2014_x86_64.whl", hash = "sha256:48a312e28b36e7fb28ffdfcbd377fcb4f6f3ff35cf277ddcb8fc01e2a6f62ead"},
    {file = "ephem-4.1.6-cp36-cp36m-musllinux_1_2_aarch64.whl", hash = "sha256:a66d5732102b78eee0554aea948d794780c01a65376acc14e392cb8c40c3d420"},
    {file = "ephem-4.1.6-cp36-cp36m-musllinux_1_2_i686.whl", hash = "sha256:2242623e532214c4602c96966ff6a3b5a60aac6bb51297c6f2026b1083d1af4b"},
    {file = "ephem-4.1.6-cp36-cp36m-musllinux_1_2_s390x.whl", hash = "sha256:35e15b04a61d4aee47797f657e7253b8474158d0c6777361f920abc7eeb99653"},
    {file = "ephem-4.1.6-cp36-cp36m-musllinux_1_2_x86_64.whl", hash = "sha256:acef70a17a1ffa4a844374984a6f6b900b274dcf80b40bef6cc2520f4e4a44a3"},
    {file = "ephem-4.1.6-cp36-cp36m-win32.whl", hash = "sha256:f3d8942f57417519058bd41e8880af05656506a57f1b9f18861e1123ec476099"},
    {file = "ephem-4.1.6-cp36-cp36m-win_amd64.whl", hash = "sha256:8026d9d6804534a09c697b3e490a67e92c7a37d409405429b5f5fbc12c00c18a"},
    {file = "ephem-4.1.6-cp37-cp37m-macosx_10_9_x86_64.whl", hash = "sha256:afcf7e10918159b86ecc9fd28a9014de27945138639bed795980a2941fe0d7a5"},
    {file = "ephem-4.1.6-cp37-cp37m-manylinux_2_12_i686.manylinux2010_i686.manylinux_2_17_i686.manylinux2014_i686.whl", hash = "sha256:6df9c8e84644792e9f46e7a5c61cbd84b8729de023819862047449e5da65eaac"},
    {file = "ephem-4.1.6-cp37-cp37m-manylinux_2_17_aarch64.manylinux2014_aarch64.whl", hash = "sha256:cf7ca69b707457958fd2a36e0a221ef1a4cb271798f1d9e13d327211aba2e505"},
    {file = "ephem-4.1.6-cp37-cp37m-manylinux_2_17_s390x.manylinux2014_s390x.whl", hash = "sha256:93bbabb27ff682a070955c92b6ffd3493f4d16918b8d222f78207f37b60ef8ab"},
    {file = "ephem-4.1.6-cp37-cp37m-manylinux_2_17_x86_64.manylinux2014_x86_64.whl", hash = "sha256:ca77119b8acdabb154f1ff9c3534025e1a4d2ba701ee8dc83c3d548d29ea1798"},
    {file = "ephem-4.1.6-cp37-cp37m-musllinux_1_2_aarch64.whl", hash = "sha256:c5523b5cea3fbef88c9c892a0941727a335b7776a35a55e8a58f5d1141540591"},
    {file = "ephem-4.1.6-cp37-cp37m-musllinux_1_2_i686.whl", hash = "sha256:e6ba444ab763f98e53932be5f5396269acb3c94989ff511a355a9072e38d853a"},
    {file = "ephem-4.1.6-cp37-cp37m-musllinux_1_2_s390x.whl", hash = "sha256:52213cd9712ef597e1815059b92ae2d2474b0dec6dfc51e748d3ae5adbc6596b"},
    {file = "ephem-4.1.6-cp37-cp37m-musllinux_1_2_x86_64.whl", hash = "sha256:167f9b204640773f28ed304b2917690e08646254378be8b798b4bd4636f482a3"},
    {file = "ephem-4.1.6-cp37-cp37m-win32.whl", hash = "sha256:c250f4ecd41ba8c358425f886da63e1760e7209b67b8fd687dac615999470a60"},
    {file = "ephem-4.1.6-cp37-cp37m-win_amd64.whl", hash = "sha256:caf54dd4380cd8f3608f5f6b7b2c49c2ee9283d137645108e7b84d937253bd76"},
    {file = "ephem-4.1.6-cp38-cp38-macosx_10_9_x86_64.whl", hash = "sha256:280dce118df5a6f6db8d7008e364fc372dd371660ce38a2e50720dda23a626b5"},
    {file = "ephem-4.1.6-cp38-cp38-macosx_11_0_arm64.whl", hash = "sha256:ccd90dd03dca83da5aff36c40d0a98b054a4f038a325523d13ee32cd5579bcd2"},
    {file = "ephem-4.1.6-cp38-cp38-manylinux_2_12_i686.manylinux2010_i686.manylinux_2_17_i686.manylinux2014_i686.whl", hash = "sha256:6a2c1bf9a14ffb57d285429cacbcee4020aacde45f5e308bf38e76bfc5277069"},
    {file = "ephem-4.1.6-cp38-cp38-manylinux_2_17_aarch64.manylinux2014_aarch64.whl", hash = "sha256:df33cfa6a9d52e220234ee90b7be6bddc94966a8a1ec04bf3bafd509e69d5e09"},
    {file = "ephem-4.1.6-cp38-cp38-manylinux_2_17_s390x.manylinux2014_s390x.whl", hash = "sha256:6c0b4d36b5fc7f63cabba9fc2ddb5aae79b2e5ade61cbf4a5cdea13d04777044"},
    {file = "ephem-4.1.6-cp38-cp38-manylinux_2_17_x86_64.manylinux2014_x86_64.whl", hash = "sha256:79363f46c58326473fc098bb1d60fd8befdc28a17d947bdf61b00e59c81b92db"},
    {file = "ephem-4.1.6-cp38-cp38-musllinux_1_2_aarch64.whl", hash = "sha256:47b00beff64513eab7cf4cbfcbc6a99153ead4c4729438fd89d866bcda0d85a8"},
    {file = "ephem-4.1.6-cp38-cp38-musllinux_1_2_i686.whl", hash = "sha256:3a9e0bbc6ee9b4bb8d3827c9a78ed0dfb04beffb22e660dab3784d1f4325679d"},
    {file = "ephem-4.1.6-cp38-cp38-musllinux_1_2_s390x.whl", hash = "sha256:b378c8b76c3c667d0eabb2afa7d21b0ced7539cce6d6752bfa25cf60d4d16b9d"},
    {file = "ephem-4.1.6-cp38-cp38-musllinux_1_2_x86_64.whl", hash = "sha256:f06df5eca050570cee31a8e79b7f53fe5ec2dd4a36c46c5fdc196385ba501142"},
    {file = "ephem-4.1.6-cp38-cp38-win32.whl", hash = "sha256:79fbe1690890d6592c519fafcd4316974a35ae94b53b63fb09d0c24ab7c7aeb4"},
    {file = "ephem-4.1.6-cp38-cp38-win_amd64.whl", hash = "sha256:2a043109f6423d42818350f56823e8a916ca7c8eb80448d4cab3f95f7a921d9b"},
    {file = "ephem-4.1.6-cp39-cp39-macosx_10_9_x86_64.whl", hash = "sha256:72a668488fe686ddd547f7bad16c603bd5a7023590f9de839a37944ffa3f1bab"},
    {file = "ephem-4.1.6-cp39-cp39-macosx_11_0_arm64.whl", hash = "sha256:7e97c0bd49324070be078c9452243c52ad916f9535eb16f0ce65cd81a794e043"},
    {file = "ephem-4.1.6-cp39-cp39-manylinux_2_12_i686.manylinux2010_i686.manylinux_2_17_i686.manylinux2014_i686.whl", hash = "sha256:32418a03b8a71469cefce485cc830cbdde3b9ad6ca19c6a8037a1b9d0062fa4c"},
    {file = "ephem-4.1.6-cp39-cp39-manylinux_2_17_aarch64.manylinux2014_aarch64.whl", hash = "sha256:b85713e1f3e0483265b1d2ca4fe6e84748296a6e433bee0300b051001eacfd8f"},
    {file = "ephem-4.1.6-cp39-cp39-manylinux_2_17_s390x.manylinux2014_s390x.whl", hash = "sha256:c37679e29ee9bcd4d7736dc539c649691829e4b63e54e2a73ebeffa29d2d3fa3"},
    {file = "ephem-4.1.6-cp39-cp39-manylinux_2_17_x86_64.manylinux2014_x86_64.whl", hash = "sha256:07f9dfdb97cde8cb88bf1dcc0b0d61a5645c7d70217ca69b6abc1e52b73b5f3f"},
    {file = "ephem-4.1.6-cp39-cp39-musllinux_1_2_aarch64.whl", hash = "sha256:1facb28a6dc2b1b00d8165da27549468891821fc4601f36d3ca03db33ec7e846"},
    {file = "ephem-4.1.6-cp39-cp39-musllinux_1_2_i686.whl", hash = "sha256:2508ff1f12e1c4c811a16264ba8bd49ad6e47f469fd9a16ffb1ca1be924614dd"},
    {file = "ephem-4.1.6-cp39-cp39-musllinux_1_2_s390x.whl", hash = "sha256:d746197ba01372e5ce72444936d70d9ef0016584a7af3a02f746b74a541ab2cc"},
    {file = "ephem-4.1.6-cp39-cp39-musllinux_1_2_x86_64.whl", hash = "sha256:ae8a61a973152abb78025c7d763a206ee9f996f8de0f522787eda5b718d6788a"},
    {file = "ephem-4.1.6-cp39-cp39-win32.whl", hash = "sha256:d134740e75613902ce891331c29324866e502f3ed0b983061b0f5f1f4683aed3"},
    {file = "ephem-4.1.6-cp39-cp39-win_amd64.whl", hash = "sha256:c24120e48ecfa86f8fe04a200314a6de5a68663234a0da9f927b7e5143bc3d3b"},
    {file = "ephem-4.1.6.tar.gz", hash = "sha256:0ed2e4ea76f9db3eede2204adab8af3f1708201c7c04ee8511e710a54ca6425f"},
]

[[package]]
name = "importlib-resources"
version = "5.4.0"
description = "Read resources from Python packages"
optional = false
python-versions = ">=3.6"
files = [
    {file = "importlib_resources-5.4.0-py3-none-any.whl", hash = "sha256:33a95faed5fc19b4bc16b29a6eeae248a3fe69dd55d4d229d2b480e23eeaad45"},
    {file = "importlib_resources-5.4.0.tar.gz", hash = "sha256:d756e2f85dd4de2ba89be0b21dba2a3bbec2e871a42a3a16719258a11f87506b"},
]

[package.dependencies]
zipp = {version = ">=3.1.0", markers = "python_version < \"3.10\""}

[package.extras]
docs = ["jaraco.packaging (>=8.2)", "rst.linker (>=1.9)", "sphinx"]
testing = ["pytest (>=6)", "pytest-black (>=0.3.7)", "pytest-checkdocs (>=2.4)", "pytest-cov", "pytest-enabler (>=1.0.1)", "pytest-flake8", "pytest-mypy"]

[[package]]
name = "pillow"
version = "8.4.0"
description = "Python Imaging Library (Fork)"
optional = false
python-versions = ">=3.6"
files = [
    {file = "Pillow-8.4.0-cp310-cp310-macosx_10_10_universal2.whl", hash = "sha256:81f8d5c81e483a9442d72d182e1fb6dcb9723f289a57e8030811bac9ea3fef8d"},
    {file = "Pillow-8.4.0-cp310-cp310-macosx_11_0_arm64.whl", hash = "sha256:3f97cfb1e5a392d75dd8b9fd274d205404729923840ca94ca45a0af57e13dbe6"},
    {file = "Pillow-8.4.0-cp310-cp310-manylinux_2_17_aarch64.manylinux2014_aarch64.whl", hash = "sha256:eb9fc393f3c61f9054e1ed26e6fe912c7321af2f41ff49d3f83d05bacf22cc78"},
    {file = "Pillow-8.4.0-cp310-cp310-manylinux_2_17_i686.manylinux2014_i686.whl", hash = "sha256:d82cdb63100ef5eedb8391732375e6d05993b765f72cb34311fab92103314649"},
    {file = "Pillow-8.4.0-cp310-cp310-manylinux_2_17_x86_64.manylinux2014_x86_64.whl", hash = "sha256:62cc1afda735a8d109007164714e73771b499768b9bb5afcbbee9d0ff374b43f"},
    {file = "Pillow-8.4.0-cp310-cp310-win32.whl", hash = "sha256:e3dacecfbeec9a33e932f00c6cd7996e62f53ad46fbe677577394aaa90ee419a"},
    {file = "Pillow-8.4.0-cp310-cp310-win_amd64.whl", hash = "sha256:620582db2a85b2df5f8a82ddeb52116560d7e5e6b055095f04ad828d1b0baa39"},
    {file = "Pillow-8.4.0-cp36-cp36m-macosx_10_10_x86_64.whl", hash = "sha256:1bc723b434fbc4ab50bb68e11e93ce5fb69866ad621e3c2c9bdb0cd70e345f55"},
    {file = "Pillow-8.4.0-cp36-cp36m-manylinux_2_17_aarch64.manylinux2014_aarch64.whl", hash = "sha256:72cbcfd54df6caf85cc35264c77ede902452d6df41166010262374155947460c"},
    {file = "Pillow-8.4.0-cp36-cp36m-manylinux_2_17_i686.manylinux2014_i686.whl", hash = "sha256:70ad9e5c6cb9b8487280a02c0ad8a51581dcbbe8484ce058477692a27c151c0a"},
    {file = "Pillow-8.4.0-cp36-cp36m-manylinux_2_17_x86_64.manylinux2014_x86_64.whl", hash = "sha256:25a49dc2e2f74e65efaa32b153527fc5ac98508d502fa46e74fa4fd678ed6645"},
    {file = "Pillow-8.4.0-cp36-cp36m-win32.whl", hash = "sha256:93ce9e955cc95959df98505e4608ad98281fff037350d8c2671c9aa86bcf10a9"},
    {file = "Pillow-8.4.0-cp36-cp36m-win_amd64.whl", hash = "sha256:2e4440b8f00f504ee4b53fe30f4e381aae30b0568193be305256b1462216feff"},
    {file = "Pillow-8.4.0-cp37-cp37m-macosx_10_10_x86_64.whl", hash = "sha256:8c803ac3c28bbc53763e6825746f05cc407b20e4a69d0122e526a582e3b5e153"},
    {file = "Pillow-8.4.0-cp37-cp37m-manylinux_2_17_aarch64.manylinux2014_aarch64.whl", hash = "sha256:c8a17b5d948f4ceeceb66384727dde11b240736fddeda54ca740b9b8b1556b29"},
    {file = "Pillow-8.4.0-cp37-cp37m-manylinux_2_17_i686.manylinux2014_i686.whl", hash = "sha256:1394a6ad5abc838c5cd8a92c5a07535648cdf6d09e8e2d6df916dfa9ea86ead8"},
    {file = "Pillow-8.4.0-cp37-cp37m-manylinux_2_17_x86_64.manylinux2014_x86_64.whl", hash = "sha256:792e5c12376594bfcb986ebf3855aa4b7c225754e9a9521298e460e92fb4a488"},
    {file = "Pillow-8.4.0-cp37-cp37m-win32.whl", hash = "sha256:d99ec152570e4196772e7a8e4ba5320d2d27bf22fdf11743dd882936ed64305b"},
    {file = "Pillow-8.4.0-cp37-cp37m-win_amd64.whl", hash = "sha256:7b7017b61bbcdd7f6363aeceb881e23c46583739cb69a3ab39cb384f6ec82e5b"},
    {file = "Pillow-8.4.0-cp38-cp38-macosx_10_10_x86_64.whl", hash = "sha256:d89363f02658e253dbd171f7c3716a5d340a24ee82d38aab9183f7fdf0cdca49"},
    {file = "Pillow-8.4.0-cp38-cp38-macosx_11_0_arm64.whl", hash = "sha256:0a0956fdc5defc34462bb1c765ee88d933239f9a94bc37d132004775241a7585"},
    {file = "Pillow-8.4.0-cp38-cp38-manylinux_2_17_aarch64.manylinux2014_aarch64.whl", hash = "sha256:5b7bb9de00197fb4261825c15551adf7605cf14a80badf1761d61e59da347779"},
    {file = "Pillow-8.4.0-cp38-cp38-manylinux_2_17_i686.manylinux2014_i686.whl", hash = "sha256:72b9e656e340447f827885b8d7a15fc8c4e68d410dc2297ef6787eec0f0ea409"},
    {file = "Pillow-8.4.0-cp38-cp38-manylinux_2_17_x86_64.manylinux2014_x86_64.whl", hash = "sha256:a5a4532a12314149d8b4e4ad8ff09dde7427731fcfa5917ff16d0291f13609df"},
    {file = "Pillow-8.4.0-cp38-cp38-win32.whl", hash = "sha256:82aafa8d5eb68c8463b6e9baeb4f19043bb31fefc03eb7b216b51e6a9981ae09"},
    {file = "Pillow-8.4.0-cp38-cp38-win_amd64.whl", hash = "sha256:066f3999cb3b070a95c3652712cffa1a748cd02d60ad7b4e485c3748a04d9d76"},
    {file = "Pillow-8.4.0-cp39-cp39-macosx_10_10_x86_64.whl", hash = "sha256:5503c86916d27c2e101b7f71c2ae2cddba01a2cf55b8395b0255fd33fa4d1f1a"},
    {file = "Pillow-8.4.0-cp39-cp39-macosx_11_0_arm64.whl", hash = "sha256:4acc0985ddf39d1bc969a9220b51d94ed51695d455c228d8ac29fcdb25810e6e"},
    {file = "Pillow-8.4.0-cp39-cp39-manylinux_2_17_aarch64.manylinux2014_aarch64.whl", hash = "sha256:0b052a619a8bfcf26bd8b3f48f45283f9e977890263e4571f2393ed8898d331b"},
    {file = "Pillow-8.4.0-cp39-cp39-manylinux_2_17_i686.manylinux2014_i686.whl", hash = "sha256:493cb4e415f44cd601fcec11c99836f707bb714ab03f5ed46ac25713baf0ff20"},
    {file = "Pillow-8.4.0-cp39-cp39-manylinux_2_17_x86_64.manylinux2014_x86_64.whl", hash = "sha256:b8831cb7332eda5dc89b21a7bce7ef6ad305548820595033a4b03cf3091235ed"},
    {file = "Pillow-8.4.0-cp39-cp39-win32.whl", hash = "sha256:5e9ac5f66616b87d4da618a20ab0a38324dbe88d8a39b55be8964eb520021e02"},
    {file = "Pillow-8.4.0-cp39-cp39-win_amd64.whl", hash = "sha256:3eb1ce5f65908556c2d8685a8f0a6e989d887ec4057326f6c22b24e8a172c66b"},
    {file = "Pillow-8.4.0-pp36-pypy36_pp73-macosx_10_10_x86_64.whl", hash = "sha256:ddc4d832a0f0b4c52fff973a0d44b6c99839a9d016fe4e6a1cb8f3eea96479c2"},
    {file = "Pillow-8.4.0-pp36-pypy36_pp73-manylinux_2_17_i686.manylinux2014_i686.whl", hash = "sha256:9a3e5ddc44c14042f0844b8cf7d2cd455f6cc80fd7f5eefbe657292cf601d9ad"},
    {file = "Pillow-8.4.0-pp36-pypy36_pp73-manylinux_2_17_x86_64.manylinux2014_x86_64.whl", hash = "sha256:c70e94281588ef053ae8998039610dbd71bc509e4acbc77ab59d7d2937b10698"},
    {file = "Pillow-8.4.0-pp37-pypy37_pp73-macosx_10_10_x86_64.whl", hash = "sha256:3862b7256046fcd950618ed22d1d60b842e3a40a48236a5498746f21189afbbc"},
    {file = "Pillow-8.4.0-pp37-pypy37_pp73-manylinux_2_17_i686.manylinux2014_i686.whl", hash = "sha256:a4901622493f88b1a29bd30ec1a2f683782e57c3c16a2dbc7f2595ba01f639df"},
    {file = "Pillow-8.4.0-pp37-pypy37_pp73-manylinux_2_17_x86_64.manylinux2014_x86_64.whl", hash = "sha256:84c471a734240653a0ec91dec0996696eea227eafe72a33bd06c92697728046b"},
    {file = "Pillow-8.4.0-pp37-pypy37_pp73-win_amd64.whl", hash = "sha256:244cf3b97802c34c41905d22810846802a3329ddcb93ccc432870243211c79fc"},
    {file = "Pillow-8.4.0.tar.gz", hash = "sha256:b8e2f83c56e141920c39464b852de3719dfbfb6e3c99a2d8da0edf4fb33176ed"},
]

[[package]]
name = "psycopg2"
version = "2.9.8"
description = "psycopg2 - Python-PostgreSQL Database Adapter"
optional = false
python-versions = ">=3.6"
files = [
    {file = "psycopg2-2.9.8-cp310-cp310-win32.whl", hash = "sha256:2f8594f92bbb5d8b59ffec04e2686c416401e2d4297de1193f8e75235937e71d"},
    {file = "psycopg2-2.9.8-cp310-cp310-win_amd64.whl", hash = "sha256:f9ecbf504c4eaff90139d5c9b95d47275f2b2651e14eba56392b4041fbf4c2b3"},
    {file = "psycopg2-2.9.8-cp311-cp311-win32.whl", hash = "sha256:65f81e72136d8b9ac8abf5206938d60f50da424149a43b6073f1546063c0565e"},
    {file = "psycopg2-2.9.8-cp311-cp311-win_amd64.whl", hash = "sha256:f7e62095d749359b7854143843f27edd7dccfcd3e1d833b880562aa5702d92b0"},
    {file = "psycopg2-2.9.8-cp37-cp37m-win32.whl", hash = "sha256:81b21424023a290a40884c7f8b0093ba6465b59bd785c18f757e76945f65594c"},
    {file = "psycopg2-2.9.8-cp37-cp37m-win_amd64.whl", hash = "sha256:67c2f32f3aba79afb15799575e77ee2db6b46b8acf943c21d34d02d4e1041d50"},
    {file = "psycopg2-2.9.8-cp38-cp38-win32.whl", hash = "sha256:287a64ef168ef7fb9f382964705ff664b342bfff47e7242bf0a04ef203269dd5"},
    {file = "psycopg2-2.9.8-cp38-cp38-win_amd64.whl", hash = "sha256:dcde3cad4920e29e74bf4e76c072649764914facb2069e6b7fa1ddbebcd49e9f"},
    {file = "psycopg2-2.9.8-cp39-cp39-win32.whl", hash = "sha256:d4ad050ea50a16731d219c3a85e8f2debf49415a070f0b8331ccc96c81700d9b"},
    {file = "psycopg2-2.9.8-cp39-cp39-win_amd64.whl", hash = "sha256:d39bb3959788b2c9d7bf5ff762e29f436172b241cd7b47529baac77746fd7918"},
    {file = "psycopg2-2.9.8.tar.gz", hash = "sha256:3da6488042a53b50933244085f3f91803f1b7271f970f3e5536efa69314f6a49"},
]

[[package]]
name = "pymysql"
version = "1.0.2"
description = "Pure Python MySQL Driver"
optional = false
python-versions = ">=3.6"
files = [
    {file = "PyMySQL-1.0.2-py3-none-any.whl", hash = "sha256:41fc3a0c5013d5f039639442321185532e3e2c8924687abe6537de157d403641"},
    {file = "PyMySQL-1.0.2.tar.gz", hash = "sha256:816927a350f38d56072aeca5dfb10221fe1dc653745853d30a216637f5d7ad36"},
]

[package.extras]
ed25519 = ["PyNaCl (>=1.4.0)"]
rsa = ["cryptography"]

[[package]]
name = "pyserial"
version = "3.5"
description = "Python Serial Port Extension"
optional = false
python-versions = "*"
files = [
    {file = "pyserial-3.5-py2.py3-none-any.whl", hash = "sha256:c4451db6ba391ca6ca299fb3ec7bae67a5c55dde170964c7a14ceefec02f2cf0"},
    {file = "pyserial-3.5.tar.gz", hash = "sha256:3c77e014170dfffbd816e6ffc205e9842efb10be9f58ec16d3e8675b4925cddb"},
]

[package.extras]
cp2110 = ["hidapi"]

[[package]]
name = "pyusb"
version = "1.2.1"
description = "Python USB access module"
optional = false
python-versions = ">=3.6.0"
files = [
    {file = "pyusb-1.2.1-py3-none-any.whl", hash = "sha256:2b4c7cb86dbadf044dfb9d3a4ff69fd217013dbe78a792177a3feb172449ea36"},
    {file = "pyusb-1.2.1.tar.gz", hash = "sha256:a4cc7404a203144754164b8b40994e2849fde1cfff06b08492f12fff9d9de7b9"},
]

[[package]]
name = "six"
version = "1.16.0"
description = "Python 2 and 3 compatibility utilities"
optional = false
python-versions = ">=2.7, !=3.0.*, !=3.1.*, !=3.2.*"
files = [
    {file = "six-1.16.0-py2.py3-none-any.whl", hash = "sha256:8abb2f1d86890a2dfb989f9a77cfcfd3e47c2a354b01111771326f8aa26e0254"},
    {file = "six-1.16.0.tar.gz", hash = "sha256:1e61c37477a1626458e36f7b1d82aa5c9b094fa4802892072e49de9c60c4c926"},
]

[[package]]
name = "zipp"
version = "3.6.0"
description = "Backport of pathlib-compatible object wrapper for zip files"
optional = false
python-versions = ">=3.6"
files = [
    {file = "zipp-3.6.0-py3-none-any.whl", hash = "sha256:9fe5ea21568a0a70e50f273397638d39b03353731e6cbbb3fd8502a33fec40bc"},
    {file = "zipp-3.6.0.tar.gz", hash = "sha256:71c644c5369f4a6e07636f0aa966270449561fcea2e3d6747b8d23efaa9d7832"},
]

[package.extras]
docs = ["jaraco.packaging (>=8.2)", "rst.linker (>=1.9)", "sphinx"]
testing = ["func-timeout", "jaraco.itertools", "pytest (>=4.6)", "pytest-black (>=0.3.7)", "pytest-checkdocs (>=2.4)", "pytest-cov", "pytest-enabler (>=1.0.1)", "pytest-flake8", "pytest-mypy"]

[metadata]
lock-version = "2.0"
python-versions = "^3.6"
content-hash = "891815cda88da0a7dbe68e85ec6b493f906bda69fa4a523e5002f59459193145"
